# THIS IS AN AUTOGENERATED FILE. DO NOT EDIT THIS FILE DIRECTLY.
# yarn lockfile v1


"@datadog/browser-core@6.13.0":
  version "6.13.0"
  resolved "https://registry.yarnpkg.com/@datadog/browser-core/-/browser-core-6.13.0.tgz#d57e4ed0116ff9beb7ec7652b90f00222e614843"
  integrity sha512-wWhQ22F8pDjh7kGtvBetJhX5luyKsIVzJQTisjM/6p+A2nchDuoOiZ0GdjajRA5LlPa9pj/PlOoe/g+B9AMELg==

"@datadog/browser-logs@^6.13.0":
  version "6.13.0"
  resolved "https://registry.yarnpkg.com/@datadog/browser-logs/-/browser-logs-6.13.0.tgz#0be28e70e4133e5b65055156e1b66f9ef334fa7a"
  integrity sha512-P8GCuPOzvfMWFxFzx8xu/i1lD+IoeH0kh+XKeg+s2Axhn/Q4h+SZf2zGSCUU2gKMkdBIfF3tGm9kKncQrYjq1Q==
  dependencies:
    "@datadog/browser-core" "6.13.0"

"@datadog/browser-rum-core@6.13.0":
  version "6.13.0"
  resolved "https://registry.yarnpkg.com/@datadog/browser-rum-core/-/browser-rum-core-6.13.0.tgz#325fb892371dfbe0e6b20b2a4b4b0af271f19029"
  integrity sha512-+gp9MEDc24xB5dwvVYsOPoRueujTOy0GNW2Q3XNyWMstzuSQIwXaIuDIRVhCoi8+i4UioUCd7ZO30yEB01Ajwg==
  dependencies:
    "@datadog/browser-core" "6.13.0"

"@datadog/browser-rum@^6.13.0":
  version "6.13.0"
  resolved "https://registry.yarnpkg.com/@datadog/browser-rum/-/browser-rum-6.13.0.tgz#3d78b3d85535e1f9a20a6d7cf3027ab6d30c6a28"
  integrity sha512-VIVpoD+A2WLIskB0PXzO0Gh3bZs7MkOrzhnDpamWMrcbGH/UaX6BUmTlorqtT374Jrre6frzN2IEKGQs7kVamQ==
  dependencies:
    "@datadog/browser-core" "6.13.0"
    "@datadog/browser-rum-core" "6.13.0"

"@sentry-internal/browser-utils@9.37.0":
  version "9.37.0"
  resolved "https://registry.yarnpkg.com/@sentry-internal/browser-utils/-/browser-utils-9.37.0.tgz#fb68558e9c1552a45130a528771e9c8ff4dcf433"
  integrity sha512-thn6LSsdAWDeU5bjfyK2Vf9fLbIWYdRfzSIxyeV+HDL5fdck3bozS3dfTd8Q5yoI1+8wo5gQ9WHQbcDUxtcRHQ==
  dependencies:
    "@sentry/core" "9.37.0"

"@sentry-internal/feedback@9.37.0":
  version "9.37.0"
  resolved "https://registry.yarnpkg.com/@sentry-internal/feedback/-/feedback-9.37.0.tgz#0ed97465cbff91b0fa71e2ad470ad5ecf846cd06"
  integrity sha512-rMd+le0G7HTiWrzGTh5UpEKqymWqdneX8runnDARAoSVI2IJmthMGaoIdAQ34t4C/Trvoj27BWNUjmvQY5HYzQ==
  dependencies:
    "@sentry/core" "9.37.0"

"@sentry-internal/replay-canvas@9.37.0":
  version "9.37.0"
  resolved "https://registry.yarnpkg.com/@sentry-internal/replay-canvas/-/replay-canvas-9.37.0.tgz#dadc6e0c3c818943bc2ad96b72efd49254c9f23f"
  integrity sha512-R9CckTfbuUEIZQ8DXFcVbQCE39OzzaNR9x0uFD4yOCbjE4Bpup4FC43Wfm15/8LjhgziTMSBZi5VMFxocR/3SA==
  dependencies:
    "@sentry-internal/replay" "9.37.0"
    "@sentry/core" "9.37.0"

"@sentry-internal/replay@9.37.0":
  version "9.37.0"
  resolved "https://registry.yarnpkg.com/@sentry-internal/replay/-/replay-9.37.0.tgz#4c1ff6985eb0c3768b92cac5b61dbdd6aacdf1ff"
  integrity sha512-jPWRLViatk++UVzKNtW12wEYcZqvoD3T8vS1qqya3UQyteD1Toc818O8kC13eTOFgFAY7pjIma6fXSHghFEJcQ==
  dependencies:
    "@sentry-internal/browser-utils" "9.37.0"
    "@sentry/core" "9.37.0"

"@sentry/browser@9.37.0":
  version "9.37.0"
  resolved "https://registry.yarnpkg.com/@sentry/browser/-/browser-9.37.0.tgz#055a1540fbcc84a262feb070873cdb01e16955db"
  integrity sha512-ZJJjFNcsTirgBCULpds5/I0OZaFrOR5FQ59IMsfjjBCwzMQ6uF5prtzb8zNL3JXUF502290dnOPSKRJKL4snAw==
  dependencies:
    "@sentry-internal/browser-utils" "9.37.0"
    "@sentry-internal/feedback" "9.37.0"
    "@sentry-internal/replay" "9.37.0"
    "@sentry-internal/replay-canvas" "9.37.0"
    "@sentry/core" "9.37.0"

"@sentry/core@9.37.0":
  version "9.37.0"
  resolved "https://registry.yarnpkg.com/@sentry/core/-/core-9.37.0.tgz#5912803a34dcf8796cb39b3382bac2a852c88acf"
  integrity sha512-RyIsIIcIzEngvvNRr+0oAHJpeAgT5sP12qQXAY6DpeBfFJc9tRTdvxaTURNTkfh+WWO35eIqr4XEB4Hp7Q81IA==

"@sentry/react@^9.37.0":
  version "9.37.0"
  resolved "https://registry.yarnpkg.com/@sentry/react/-/react-9.37.0.tgz#f769ebd26a071caa87f363f62b286f5a2da17994"
  integrity sha512-/CIR8pRMee4etirNzOcJLlqnkZNd0+Qxyu/BNZewM+Obh6STosKr13YZ6TjJsXQ1yZzoU8FO/wnt8opYifmsKA==
  dependencies:
    "@sentry/browser" "9.37.0"
    "@sentry/core" "9.37.0"
    hoist-non-react-statics "^3.3.2"

"@types/prop-types@*":
  version "15.7.15"
  resolved "https://registry.yarnpkg.com/@types/prop-types/-/prop-types-15.7.15.tgz#e6e5a86d602beaca71ce5163fadf5f95d70931c7"
  integrity sha512-F6bEyamV9jKGAFBEmlQnesRPGOQqS2+Uwi0Em15xenOxHaf2hv6L8YCVn3rPdPJOiJfPiCnLIRyvwVaqMY3MIw==

"@types/react@^18.3.23":
  version "18.3.23"
  resolved "https://registry.yarnpkg.com/@types/react/-/react-18.3.23.tgz#86ae6f6b95a48c418fecdaccc8069e0fbb63696a"
  integrity sha512-/LDXMQh55EzZQ0uVAZmKKhfENivEvWz6E+EYzh+/MCjMhNsotd+ZHhBGIjFDTi6+fz0OhQQQLbTgdQIxxCsC0w==
  dependencies:
    "@types/prop-types" "*"
    csstype "^3.0.2"

csstype@^3.0.2:
  version "3.1.3"
  resolved "https://registry.yarnpkg.com/csstype/-/csstype-3.1.3.tgz#d80ff294d114fb0e6ac500fbf85b60137d7eff81"
  integrity sha512-M1uQkMl8rQK/szD0LNhtqxIPLpimGm8sOBwU7lLnCpSbTyY3yeU1Vc7l4KT5zT4s/yOxHH5O7tIuuLOCnLADRw==

hoist-non-react-statics@^3.3.2:
  version "3.3.2"
  resolved "https://registry.yarnpkg.com/hoist-non-react-statics/-/hoist-non-react-statics-3.3.2.tgz#ece0acaf71d62c2969c2ec59feff42a4b1a85b45"
  integrity sha512-/gGivxi8JPKWNm/W0jSmzcMPpfpPLc3dY/6GxhX2hQ9iGj3aDfklV4ET7NjKpSinLpJ5vafa9iiGIEZg10SfBw==
  dependencies:
    react-is "^16.7.0"

react-is@^16.7.0:
  version "16.13.1"
  resolved "https://registry.yarnpkg.com/react-is/-/react-is-16.13.1.tgz#789729a4dc36de2999dc156dd6c1d9c18cea56a4"
  integrity sha512-24e6ynE2H+OKt4kqsOvNd8kBpV65zoxbA4BVsEOB3ARVWQki/DHzaUoC5KuON/BiccDaCCTZBuOcfZs70kR8bQ==

typescript@^5.8.3:
  version "5.8.3"
  resolved "https://registry.yarnpkg.com/typescript/-/typescript-5.8.3.tgz#92f8a3e5e3cf497356f4178c34cd65a7f5e8440e"
  integrity sha512-p1diW6TqL9L07nNxvRMM7hMMw4c5XOo/1ibL4aAIGmSAt9slTE1Xgw5KWuof2uTOvCg9BY7ZRi+GaF+7sfgPeQ==
